// !$*UTF8*$!
{
	archiveVersion = 1;
	classes = {
	};
	objectVersion = 50;
	objects = {

/* Begin PBXBuildFile section */
		5637C8BE233E00C000A2C70B /* main.cpp in Sources */ = {isa = PBXBuildFile; fileRef = 5637C8BD233E00C000A2C70B /* main.cpp */; };
		5637C8C6233E016200A2C70B /* IOKit.framework in Frameworks */ = {isa = PBXBuildFile; fileRef = 5637C8C5233E016200A2C70B /* IOKit.framework */; };
		5637C8C8233E016700A2C70B /* Cocoa.framework in Frameworks */ = {isa = PBXBuildFile; fileRef = 5637C8C7233E016700A2C70B /* Cocoa.framework */; };
		5637C8CA233E016E00A2C70B /* CoreVideo.framework in Frameworks */ = {isa = PBXBuildFile; fileRef = 5637C8C9233E016E00A2C70B /* CoreVideo.framework */; };
		5637C8CC233E018100A2C70B /* OpenGL.framework in Frameworks */ = {isa = PBXBuildFile; fileRef = 5637C8CB233E018100A2C70B /* OpenGL.framework */; };
		5637C90F233E0CEC00A2C70B /* libglfw3.a in Frameworks */ = {isa = PBXBuildFile; fileRef = 5637C90D233E0CEC00A2C70B /* libglfw3.a */; };
		5637C910233E0CEC00A2C70B /* libGLEW.a in Frameworks */ = {isa = PBXBuildFile; fileRef = 5637C90E233E0CEC00A2C70B /* libGLEW.a */; };
		5637C912233E0CF500A2C70B /* glad.c in Sources */ = {isa = PBXBuildFile; fileRef = 5637C911233E0CF500A2C70B /* glad.c */; };
/* End PBXBuildFile section */

/* Begin PBXCopyFilesBuildPhase section */
		5637C8B8233E00C000A2C70B /* CopyFiles */ = {
			isa = PBXCopyFilesBuildPhase;
			buildActionMask = 2147483647;
			dstPath = /usr/share/man/man1/;
			dstSubfolderSpec = 0;
			files = (
			);
			runOnlyForDeploymentPostprocessing = 1;
		};
/* End PBXCopyFilesBuildPhase section */

/* Begin PBXFileReference section */
		5637C8BA233E00C000A2C70B /* LearnOpenGL-Demo */ = {isa = PBXFileReference; explicitFileType = "compiled.mach-o.executable"; includeInIndex = 0; path = "LearnOpenGL-Demo"; sourceTree = BUILT_PRODUCTS_DIR; };
		5637C8BD233E00C000A2C70B /* main.cpp */ = {isa = PBXFileReference; lastKnownFileType = sourcecode.cpp.cpp; path = main.cpp; sourceTree = "<group>"; };
		5637C8C5233E016200A2C70B /* IOKit.framework */ = {isa = PBXFileReference; lastKnownFileType = wrapper.framework; name = IOKit.framework; path = System/Library/Frameworks/IOKit.framework; sourceTree = SDKROOT; };
		5637C8C7233E016700A2C70B /* Cocoa.framework */ = {isa = PBXFileReference; lastKnownFileType = wrapper.framework; name = Cocoa.framework; path = System/Library/Frameworks/Cocoa.framework; sourceTree = SDKROOT; };
		5637C8C9233E016E00A2C70B /* CoreVideo.framework */ = {isa = PBXFileReference; lastKnownFileType = wrapper.framework; name = CoreVideo.framework; path = System/Library/Frameworks/CoreVideo.framework; sourceTree = SDKROOT; };
		5637C8CB233E018100A2C70B /* OpenGL.framework */ = {isa = PBXFileReference; lastKnownFileType = wrapper.framework; name = OpenGL.framework; path = System/Library/Frameworks/OpenGL.framework; sourceTree = SDKROOT; };
		5637C902233E0CEC00A2C70B /* khrplatform.h */ = {isa = PBXFileReference; fileEncoding = 4; lastKnownFileType = sourcecode.c.h; path = khrplatform.h; sourceTree = "<group>"; };
		5637C904233E0CEC00A2C70B /* glad.h */ = {isa = PBXFileReference; fileEncoding = 4; lastKnownFileType = sourcecode.c.h; path = glad.h; sourceTree = "<group>"; };
		5637C906233E0CEC00A2C70B /* glxew.h */ = {isa = PBXFileReference; fileEncoding = 4; lastKnownFileType = sourcecode.c.h; path = glxew.h; sourceTree = "<group>"; };
		5637C907233E0CEC00A2C70B /* wglew.h */ = {isa = PBXFileReference; fileEncoding = 4; lastKnownFileType = sourcecode.c.h; path = wglew.h; sourceTree = "<group>"; };
		5637C908233E0CEC00A2C70B /* glew.h */ = {isa = PBXFileReference; fileEncoding = 4; lastKnownFileType = sourcecode.c.h; path = glew.h; sourceTree = "<group>"; };
		5637C90A233E0CEC00A2C70B /* glfw3.h */ = {isa = PBXFileReference; fileEncoding = 4; lastKnownFileType = sourcecode.c.h; path = glfw3.h; sourceTree = "<group>"; };
		5637C90B233E0CEC00A2C70B /* glfw3native.h */ = {isa = PBXFileReference; fileEncoding = 4; lastKnownFileType = sourcecode.c.h; path = glfw3native.h; sourceTree = "<group>"; };
		5637C90D233E0CEC00A2C70B /* libglfw3.a */ = {isa = PBXFileReference; lastKnownFileType = archive.ar; path = libglfw3.a; sourceTree = "<group>"; };
		5637C90E233E0CEC00A2C70B /* libGLEW.a */ = {isa = PBXFileReference; lastKnownFileType = archive.ar; path = libGLEW.a; sourceTree = "<group>"; };
		5637C911233E0CF500A2C70B /* glad.c */ = {isa = PBXFileReference; fileEncoding = 4; lastKnownFileType = sourcecode.c.c; path = glad.c; sourceTree = "<group>"; };
/* End PBXFileReference section */

/* Begin PBXFrameworksBuildPhase section */
		5637C8B7233E00C000A2C70B /* Frameworks */ = {
			isa = PBXFrameworksBuildPhase;
			buildActionMask = 2147483647;
			files = (
				5637C8CC233E018100A2C70B /* OpenGL.framework in Frameworks */,
				5637C90F233E0CEC00A2C70B /* libglfw3.a in Frameworks */,
				5637C910233E0CEC00A2C70B /* libGLEW.a in Frameworks */,
				5637C8CA233E016E00A2C70B /* CoreVideo.framework in Frameworks */,
				5637C8C8233E016700A2C70B /* Cocoa.framework in Frameworks */,
				5637C8C6233E016200A2C70B /* IOKit.framework in Frameworks */,
			);
			runOnlyForDeploymentPostprocessing = 0;
		};
/* End PBXFrameworksBuildPhase section */

/* Begin PBXGroup section */
		5637C8B1233E00C000A2C70B = {
			isa = PBXGroup;
			children = (
				5637C900233E0CEC00A2C70B /* includes */,
				5637C90C233E0CEC00A2C70B /* lib */,
				5637C8BC233E00C000A2C70B /* LearnOpenGL-Demo */,
				5637C8BB233E00C000A2C70B /* Products */,
				5637C8C4233E016100A2C70B /* Frameworks */,
			);
			sourceTree = "<group>";
		};
		5637C8BB233E00C000A2C70B /* Products */ = {
			isa = PBXGroup;
			children = (
				5637C8BA233E00C000A2C70B /* LearnOpenGL-Demo */,
			);
			name = Products;
			sourceTree = "<group>";
		};
		5637C8BC233E00C000A2C70B /* LearnOpenGL-Demo */ = {
			isa = PBXGroup;
			children = (
				5637C911233E0CF500A2C70B /* glad.c */,
				5637C8BD233E00C000A2C70B /* main.cpp */,
			);
			path = "LearnOpenGL-Demo";
			sourceTree = "<group>";
		};
		5637C8C4233E016100A2C70B /* Frameworks */ = {
			isa = PBXGroup;
			children = (
				5637C8CB233E018100A2C70B /* OpenGL.framework */,
				5637C8C9233E016E00A2C70B /* CoreVideo.framework */,
				5637C8C7233E016700A2C70B /* Cocoa.framework */,
				5637C8C5233E016200A2C70B /* IOKit.framework */,
			);
			name = Frameworks;
			sourceTree = "<group>";
		};
		5637C900233E0CEC00A2C70B /* includes */ = {
			isa = PBXGroup;
			children = (
				5637C901233E0CEC00A2C70B /* KHR */,
				5637C903233E0CEC00A2C70B /* glad */,
				5637C905233E0CEC00A2C70B /* GL */,
				5637C909233E0CEC00A2C70B /* GLFW */,
			);
			path = includes;
			sourceTree = "<group>";
		};
		5637C901233E0CEC00A2C70B /* KHR */ = {
			isa = PBXGroup;
			children = (
				5637C902233E0CEC00A2C70B /* khrplatform.h */,
			);
			path = KHR;
			sourceTree = "<group>";
		};
		5637C903233E0CEC00A2C70B /* glad */ = {
			isa = PBXGroup;
			children = (
				5637C904233E0CEC00A2C70B /* glad.h */,
			);
			path = glad;
			sourceTree = "<group>";
		};
		5637C905233E0CEC00A2C70B /* GL */ = {
			isa = PBXGroup;
			children = (
				5637C906233E0CEC00A2C70B /* glxew.h */,
				5637C907233E0CEC00A2C70B /* wglew.h */,
				5637C908233E0CEC00A2C70B /* glew.h */,
			);
			path = GL;
			sourceTree = "<group>";
		};
		5637C909233E0CEC00A2C70B /* GLFW */ = {
			isa = PBXGroup;
			children = (
				5637C90A233E0CEC00A2C70B /* glfw3.h */,
				5637C90B233E0CEC00A2C70B /* glfw3native.h */,
			);
			path = GLFW;
			sourceTree = "<group>";
		};
		5637C90C233E0CEC00A2C70B /* lib */ = {
			isa = PBXGroup;
			children = (
				5637C90D233E0CEC00A2C70B /* libglfw3.a */,
				5637C90E233E0CEC00A2C70B /* libGLEW.a */,
			);
			path = lib;
			sourceTree = "<group>";
		};
/* End PBXGroup section */

/* Begin PBXNativeTarget section */
		5637C8B9233E00C000A2C70B /* LearnOpenGL-Demo */ = {
			isa = PBXNativeTarget;
			buildConfigurationList = 5637C8C1233E00C000A2C70B /* Build configuration list for PBXNativeTarget "LearnOpenGL-Demo" */;
			buildPhases = (
				5637C8B6233E00C000A2C70B /* Sources */,
				5637C8B7233E00C000A2C70B /* Frameworks */,
				5637C8B8233E00C000A2C70B /* CopyFiles */,
			);
			buildRules = (
			);
			dependencies = (
			);
			name = "LearnOpenGL-Demo";
			productName = "LearnOpenGL-Demo";
			productReference = 5637C8BA233E00C000A2C70B /* LearnOpenGL-Demo */;
			productType = "com.apple.product-type.tool";
		};
/* End PBXNativeTarget section */

/* Begin PBXProject section */
		5637C8B2233E00C000A2C70B /* Project object */ = {
			isa = PBXProject;
			attributes = {
				LastUpgradeCheck = 1010;
				ORGANIZATIONNAME = "刘杰";
				TargetAttributes = {
					5637C8B9233E00C000A2C70B = {
						CreatedOnToolsVersion = 10.1;
					};
				};
			};
			buildConfigurationList = 5637C8B5233E00C000A2C70B /* Build configuration list for PBXProject "LearnOpenGL-Demo" */;
			compatibilityVersion = "Xcode 9.3";
			developmentRegion = en;
			hasScannedForEncodings = 0;
			knownRegions = (
				en,
			);
			mainGroup = 5637C8B1233E00C000A2C70B;
			productRefGroup = 5637C8BB233E00C000A2C70B /* Products */;
			projectDirPath = "";
			projectRoot = "";
			targets = (
				5637C8B9233E00C000A2C70B /* LearnOpenGL-Demo */,
			);
		};
/* End PBXProject section */

/* Begin PBXSourcesBuildPhase section */
		5637C8B6233E00C000A2C70B /* Sources */ = {
			isa = PBXSourcesBuildPhase;
			buildActionMask = 2147483647;
			files = (
				5637C8BE233E00C000A2C70B /* main.cpp in Sources */,
				5637C912233E0CF500A2C70B /* glad.c in Sources */,
			);
			runOnlyForDeploymentPostprocessing = 0;
		};
/* End PBXSourcesBuildPhase section */

/* Begin XCBuildConfiguration section */
		5637C8BF233E00C000A2C70B /* Debug */ = {
			isa = XCBuildConfiguration;
			buildSettings = {
				ALWAYS_SEARCH_USER_PATHS = NO;
				CLANG_ANALYZER_NONNULL = YES;
				CLANG_ANALYZER_NUMBER_OBJECT_CONVERSION = YES_AGGRESSIVE;
				CLANG_CXX_LANGUAGE_STANDARD = "gnu++14";
				CLANG_CXX_LIBRARY = "libc++";
				CLANG_ENABLE_MODULES = YES;
				CLANG_ENABLE_OBJC_ARC = YES;
				CLANG_ENABLE_OBJC_WEAK = YES;
				CLANG_WARN_BLOCK_CAPTURE_AUTORELEASING = YES;
				CLANG_WARN_BOOL_CONVERSION = YES;
				CLANG_WARN_COMMA = YES;
				CLANG_WARN_CONSTANT_CONVERSION = YES;
				CLANG_WARN_DEPRECATED_OBJC_IMPLEMENTATIONS = YES;
				CLANG_WARN_DIRECT_OBJC_ISA_USAGE = YES_ERROR;
				CLANG_WARN_DOCUMENTATION_COMMENTS = YES;
				CLANG_WARN_EMPTY_BODY = YES;
				CLANG_WARN_ENUM_CONVERSION = YES;
				CLANG_WARN_INFINITE_RECURSION = YES;
				CLANG_WARN_INT_CONVERSION = YES;
				CLANG_WARN_NON_LITERAL_NULL_CONVERSION = YES;
				CLANG_WARN_OBJC_IMPLICIT_RETAIN_SELF = YES;
				CLANG_WARN_OBJC_LITERAL_CONVERSION = YES;
				CLANG_WARN_OBJC_ROOT_CLASS = YES_ERROR;
				CLANG_WARN_RANGE_LOOP_ANALYSIS = YES;
				CLANG_WARN_STRICT_PROTOTYPES = YES;
				CLANG_WARN_SUSPICIOUS_MOVE = YES;
				CLANG_WARN_UNGUARDED_AVAILABILITY = YES_AGGRESSIVE;
				CLANG_WARN_UNREACHABLE_CODE = YES;
				CLANG_WARN__DUPLICATE_METHOD_MATCH = YES;
				CODE_SIGN_IDENTITY = "Mac Developer";
				COPY_PHASE_STRIP = NO;
				DEBUG_INFORMATION_FORMAT = dwarf;
				ENABLE_STRICT_OBJC_MSGSEND = YES;
				ENABLE_TESTABILITY = YES;
				GCC_C_LANGUAGE_STANDARD = gnu11;
				GCC_DYNAMIC_NO_PIC = NO;
				GCC_NO_COMMON_BLOCKS = YES;
				GCC_OPTIMIZATION_LEVEL = 0;
				GCC_PREPROCESSOR_DEFINITIONS = (
					"DEBUG=1",
					"$(inherited)",
				);
				GCC_WARN_64_TO_32_BIT_CONVERSION = YES;
				GCC_WARN_ABOUT_RETURN_TYPE = YES_ERROR;
				GCC_WARN_UNDECLARED_SELECTOR = YES;
				GCC_WARN_UNINITIALIZED_AUTOS = YES_AGGRESSIVE;
				GCC_WARN_UNUSED_FUNCTION = YES;
				GCC_WARN_UNUSED_VARIABLE = YES;
				MACOSX_DEPLOYMENT_TARGET = 10.14;
				MTL_ENABLE_DEBUG_INFO = INCLUDE_SOURCE;
				MTL_FAST_MATH = YES;
				ONLY_ACTIVE_ARCH = YES;
				SDKROOT = macosx;
			};
			name = Debug;
		};
		5637C8C0233E00C000A2C70B /* Release */ = {
			isa = XCBuildConfiguration;
			buildSettings = {
				ALWAYS_SEARCH_USER_PATHS = NO;
				CLANG_ANALYZER_NONNULL = YES;
				CLANG_ANALYZER_NUMBER_OBJECT_CONVERSION = YES_AGGRESSIVE;
				CLANG_CXX_LANGUAGE_STANDARD = "gnu++14";
				CLANG_CXX_LIBRARY = "libc++";
				CLANG_ENABLE_MODULES = YES;
				CLANG_ENABLE_OBJC_ARC = YES;
				CLANG_ENABLE_OBJC_WEAK = YES;
				CLANG_WARN_BLOCK_CAPTURE_AUTORELEASING = YES;
				CLANG_WARN_BOOL_CONVERSION = YES;
				CLANG_WARN_COMMA = YES;
				CLANG_WARN_CONSTANT_CONVERSION = YES;
				CLANG_WARN_DEPRECATED_OBJC_IMPLEMENTATIONS = YES;
				CLANG_WARN_DIRECT_OBJC_ISA_USAGE = YES_ERROR;
				CLANG_WARN_DOCUMENTATION_COMMENTS = YES;
				CLANG_WARN_EMPTY_BODY = YES;
				CLANG_WARN_ENUM_CONVERSION = YES;
				CLANG_WARN_INFINITE_RECURSION = YES;
				CLANG_WARN_INT_CONVERSION = YES;
				CLANG_WARN_NON_LITERAL_NULL_CONVERSION = YES;
				CLANG_WARN_OBJC_IMPLICIT_RETAIN_SELF = YES;
				CLANG_WARN_OBJC_LITERAL_CONVERSION = YES;
				CLANG_WARN_OBJC_ROOT_CLASS = YES_ERROR;
				CLANG_WARN_RANGE_LOOP_ANALYSIS = YES;
				CLANG_WARN_STRICT_PROTOTYPES = YES;
				CLANG_WARN_SUSPICIOUS_MOVE = YES;
				CLANG_WARN_UNGUARDED_AVAILABILITY = YES_AGGRESSIVE;
				CLANG_WARN_UNREACHABLE_CODE = YES;
				CLANG_WARN__DUPLICATE_METHOD_MATCH = YES;
				CODE_SIGN_IDENTITY = "Mac Developer";
				COPY_PHASE_STRIP = NO;
				DEBUG_INFORMATION_FORMAT = "dwarf-with-dsym";
				ENABLE_NS_ASSERTIONS = NO;
				ENABLE_STRICT_OBJC_MSGSEND = YES;
				GCC_C_LANGUAGE_STANDARD = gnu11;
				GCC_NO_COMMON_BLOCKS = YES;
				GCC_WARN_64_TO_32_BIT_CONVERSION = YES;
				GCC_WARN_ABOUT_RETURN_TYPE = YES_ERROR;
				GCC_WARN_UNDECLARED_SELECTOR = YES;
				GCC_WARN_UNINITIALIZED_AUTOS = YES_AGGRESSIVE;
				GCC_WARN_UNUSED_FUNCTION = YES;
				GCC_WARN_UNUSED_VARIABLE = YES;
				MACOSX_DEPLOYMENT_TARGET = 10.14;
				MTL_ENABLE_DEBUG_INFO = NO;
				MTL_FAST_MATH = YES;
				SDKROOT = macosx;
			};
			name = Release;
		};
		5637C8C2233E00C000A2C70B /* Debug */ = {
			isa = XCBuildConfiguration;
			buildSettings = {
				CODE_SIGN_STYLE = Automatic;
				DEVELOPMENT_TEAM = Q3DH35WDBJ;
				HEADER_SEARCH_PATHS = (
					"$(inherited)",
					"$(PROJECT_DIR)/includes",
				);
				LIBRARY_SEARCH_PATHS = "$(PROJECT_DIR)/lib";
				PRODUCT_NAME = "$(TARGET_NAME)";
			};
			name = Debug;
		};
		5637C8C3233E00C000A2C70B /* Release */ = {
			isa = XCBuildConfiguration;
			buildSettings = {
				CODE_SIGN_STYLE = Automatic;
				DEVELOPMENT_TEAM = Q3DH35WDBJ;
				HEADER_SEARCH_PATHS = (
					"$(inherited)",
					"$(PROJECT_DIR)/includes",
				);
				LIBRARY_SEARCH_PATHS = "$(PROJECT_DIR)/lib";
				PRODUCT_NAME = "$(TARGET_NAME)";
			};
			name = Release;
		};
/* End XCBuildConfiguration section */

/* Begin XCConfigurationList section */
		5637C8B5233E00C000A2C70B /* Build configuration list for PBXProject "LearnOpenGL-Demo" */ = {
			isa = XCConfigurationList;
			buildConfigurations = (
				5637C8BF233E00C000A2C70B /* Debug */,
				5637C8C0233E00C000A2C70B /* Release */,
			);
			defaultConfigurationIsVisible = 0;
			defaultConfigurationName = Release;
		};
		5637C8C1233E00C000A2C70B /* Build configuration list for PBXNativeTarget "LearnOpenGL-Demo" */ = {
			isa = XCConfigurationList;
			buildConfigurations = (
				5637C8C2233E00C000A2C70B /* Debug */,
				5637C8C3233E00C000A2C70B /* Release */,
			);
			defaultConfigurationIsVisible = 0;
			defaultConfigurationName = Release;
		};
/* End XCConfigurationList section */
	};
	rootObject = 5637C8B2233E00C000A2C70B /* Project object */;
}
